
Microsoft Visual Studio Solution File, Format Version 12.00
# Visual Studio Version 17
VisualStudioVersion = 17.6.33801.468
MinimumVisualStudioVersion = 10.0.40219.1
Project("{9A19103F-16F7-4668-BE54-9A1E7A4F7556}") = "NotifyIcon", "NotifyIcon\NotifyIcon.csproj", "{B8B7F1B2-7EF3-4788-A628-B956E449CBCE}"
EndProject
Project("{9A19103F-16F7-4668-BE54-9A1E7A4F7556}") = "NotifyIcon.Demo.WPF", "NotifyIcon.Demo.WPF\NotifyIcon.Demo.WPF.csproj", "{24082A83-BF81-42B7-9AA9-59E57DF37639}"
EndProject
Project("{9A19103F-16F7-4668-BE54-9A1E7A4F7556}") = "NotifyIcon.Demo.WinForm", "NotifyIcon.Demo.WinForm\NotifyIcon.Demo.WinForm.csproj", "{E563B451-67FC-49F5-948B-C542D5B0B811}"
EndProject
Project("{9A19103F-16F7-4668-BE54-9A1E7A4F7556}") = "NotifyIcon.Demo.WinUI", "NotifyIcon.Demo.WinUI\NotifyIcon.Demo.WinUI.csproj", "{11F2EA40-3CF1-42C6-A9A1-4B1B2B37A932}"
EndProject
Project("{9A19103F-16F7-4668-BE54-9A1E7A4F7556}") = "NotifyIcon.Demo.Avalonia", "NotifyIcon.Demo.Avalonia\NotifyIcon.Demo.Avalonia.csproj", "{D5C0A191-AF75-482C-AA26-CF13AE93248E}"
EndProject
Project("{9A19103F-16F7-4668-BE54-9A1E7A4F7556}") = "NotifyIcon.Demo.Maui", "NotifyIcon.Demo.Maui\NotifyIcon.Demo.Maui.csproj", "{14AE6AB5-01D1-471A-B03D-DB574222DB77}"
EndProject
Project("{FAE04EC0-301F-11D3-BF4B-00C04F79EFBC}") = "NotifyIcon.Demo.Wice", "NotifyIcon.Demo.Wice\NotifyIcon.Demo.Wice.csproj", "{8A65AC0D-B065-448A-A557-CE7D38301941}"
EndProject
Global
	GlobalSection(SolutionConfigurationPlatforms) = preSolution
		Debug|Any CPU = Debug|Any CPU
		Debug|x64 = Debug|x64
		Release|Any CPU = Release|Any CPU
		Release|x64 = Release|x64
	EndGlobalSection
	GlobalSection(ProjectConfigurationPlatforms) = postSolution
		{B8B7F1B2-7EF3-4788-A628-B956E449CBCE}.Debug|Any CPU.ActiveCfg = Debug|Any CPU
		{B8B7F1B2-7EF3-4788-A628-B956E449CBCE}.Debug|Any CPU.Build.0 = Debug|Any CPU
		{B8B7F1B2-7EF3-4788-A628-B956E449CBCE}.Debug|x64.ActiveCfg = Debug|Any CPU
		{B8B7F1B2-7EF3-4788-A628-B956E449CBCE}.Debug|x64.Build.0 = Debug|Any CPU
		{B8B7F1B2-7EF3-4788-A628-B956E449CBCE}.Release|Any CPU.ActiveCfg = Release|Any CPU
		{B8B7F1B2-7EF3-4788-A628-B956E449CBCE}.Release|Any CPU.Build.0 = Release|Any CPU
		{B8B7F1B2-7EF3-4788-A628-B956E449CBCE}.Release|x64.ActiveCfg = Release|Any CPU
		{B8B7F1B2-7EF3-4788-A628-B956E449CBCE}.Release|x64.Build.0 = Release|Any CPU
		{24082A83-BF81-42B7-9AA9-59E57DF37639}.Debug|Any CPU.ActiveCfg = Debug|Any CPU
		{24082A83-BF81-42B7-9AA9-59E57DF37639}.Debug|Any CPU.Build.0 = Debug|Any CPU
		{24082A83-BF81-42B7-9AA9-59E57DF37639}.Debug|x64.ActiveCfg = Debug|Any CPU
		{24082A83-BF81-42B7-9AA9-59E57DF37639}.Debug|x64.Build.0 = Debug|Any CPU
		{24082A83-BF81-42B7-9AA9-59E57DF37639}.Release|Any CPU.ActiveCfg = Release|Any CPU
		{24082A83-BF81-42B7-9AA9-59E57DF37639}.Release|Any CPU.Build.0 = Release|Any CPU
		{24082A83-BF81-42B7-9AA9-59E57DF37639}.Release|x64.ActiveCfg = Release|Any CPU
		{24082A83-BF81-42B7-9AA9-59E57DF37639}.Release|x64.Build.0 = Release|Any CPU
		{E563B451-67FC-49F5-948B-C542D5B0B811}.Debug|Any CPU.ActiveCfg = Debug|Any CPU
		{E563B451-67FC-49F5-948B-C542D5B0B811}.Debug|Any CPU.Build.0 = Debug|Any CPU
		{E563B451-67FC-49F5-948B-C542D5B0B811}.Debug|x64.ActiveCfg = Debug|Any CPU
		{E563B451-67FC-49F5-948B-C542D5B0B811}.Debug|x64.Build.0 = Debug|Any CPU
		{E563B451-67FC-49F5-948B-C542D5B0B811}.Release|Any CPU.ActiveCfg = Release|Any CPU
		{E563B451-67FC-49F5-948B-C542D5B0B811}.Release|Any CPU.Build.0 = Release|Any CPU
		{E563B451-67FC-49F5-948B-C542D5B0B811}.Release|x64.ActiveCfg = Release|Any CPU
		{E563B451-67FC-49F5-948B-C542D5B0B811}.Release|x64.Build.0 = Release|Any CPU
		{11F2EA40-3CF1-42C6-A9A1-4B1B2B37A932}.Debug|Any CPU.ActiveCfg = Debug|x64
		{11F2EA40-3CF1-42C6-A9A1-4B1B2B37A932}.Debug|Any CPU.Build.0 = Debug|x64
		{11F2EA40-3CF1-42C6-A9A1-4B1B2B37A932}.Debug|Any CPU.Deploy.0 = Debug|x64
		{11F2EA40-3CF1-42C6-A9A1-4B1B2B37A932}.Debug|x64.ActiveCfg = Debug|x64
		{11F2EA40-3CF1-42C6-A9A1-4B1B2B37A932}.Debug|x64.Build.0 = Debug|x64
		{11F2EA40-3CF1-42C6-A9A1-4B1B2B37A932}.Debug|x64.Deploy.0 = Debug|x64
		{11F2EA40-3CF1-42C6-A9A1-4B1B2B37A932}.Release|Any CPU.ActiveCfg = Release|x64
		{11F2EA40-3CF1-42C6-A9A1-4B1B2B37A932}.Release|Any CPU.Build.0 = Release|x64
		{11F2EA40-3CF1-42C6-A9A1-4B1B2B37A932}.Release|Any CPU.Deploy.0 = Release|x64
		{11F2EA40-3CF1-42C6-A9A1-4B1B2B37A932}.Release|x64.ActiveCfg = Release|x64
		{11F2EA40-3CF1-42C6-A9A1-4B1B2B37A932}.Release|x64.Build.0 = Release|x64
		{11F2EA40-3CF1-42C6-A9A1-4B1B2B37A932}.Release|x64.Deploy.0 = Release|x64
		{D5C0A191-AF75-482C-AA26-CF13AE93248E}.Debug|Any CPU.ActiveCfg = Debug|Any CPU
		{D5C0A191-AF75-482C-AA26-CF13AE93248E}.Debug|Any CPU.Build.0 = Debug|Any CPU
		{D5C0A191-AF75-482C-AA26-CF13AE93248E}.Debug|x64.ActiveCfg = Debug|Any CPU
		{D5C0A191-AF75-482C-AA26-CF13AE93248E}.Debug|x64.Build.0 = Debug|Any CPU
		{D5C0A191-AF75-482C-AA26-CF13AE93248E}.Release|Any CPU.ActiveCfg = Release|Any CPU
		{D5C0A191-AF75-482C-AA26-CF13AE93248E}.Release|Any CPU.Build.0 = Release|Any CPU
		{D5C0A191-AF75-482C-AA26-CF13AE93248E}.Release|x64.ActiveCfg = Release|Any CPU
		{D5C0A191-AF75-482C-AA26-CF13AE93248E}.Release|x64.Build.0 = Release|Any CPU
		{14AE6AB5-01D1-471A-B03D-DB574222DB77}.Debug|Any CPU.ActiveCfg = Debug|Any CPU
		{14AE6AB5-01D1-471A-B03D-DB574222DB77}.Debug|Any CPU.Build.0 = Debug|Any CPU
		{14AE6AB5-01D1-471A-B03D-DB574222DB77}.Debug|Any CPU.Deploy.0 = Debug|Any CPU
		{14AE6AB5-01D1-471A-B03D-DB574222DB77}.Debug|x64.ActiveCfg = Debug|Any CPU
		{14AE6AB5-01D1-471A-B03D-DB574222DB77}.Debug|x64.Build.0 = Debug|Any CPU
		{14AE6AB5-01D1-471A-B03D-DB574222DB77}.Debug|x64.Deploy.0 = Debug|Any CPU
		{14AE6AB5-01D1-471A-B03D-DB574222DB77}.Release|Any CPU.ActiveCfg = Release|Any CPU
		{14AE6AB5-01D1-471A-B03D-DB574222DB77}.Release|Any CPU.Build.0 = Release|Any CPU
		{14AE6AB5-01D1-471A-B03D-DB574222DB77}.Release|Any CPU.Deploy.0 = Release|Any CPU
		{14AE6AB5-01D1-471A-B03D-DB574222DB77}.Release|x64.ActiveCfg = Release|Any CPU
		{14AE6AB5-01D1-471A-B03D-DB574222DB77}.Release|x64.Build.0 = Release|Any CPU
		{14AE6AB5-01D1-471A-B03D-DB574222DB77}.Release|x64.Deploy.0 = Release|Any CPU
		{8A65AC0D-B065-448A-A557-CE7D38301941}.Debug|Any CPU.ActiveCfg = Debug|Any CPU
		{8A65AC0D-B065-448A-A557-CE7D38301941}.Debug|Any CPU.Build.0 = Debug|Any CPU
		{8A65AC0D-B065-448A-A557-CE7D38301941}.Debug|x64.ActiveCfg = Debug|Any CPU
		{8A65AC0D-B065-448A-A557-CE7D38301941}.Debug|x64.Build.0 = Debug|Any CPU
		{8A65AC0D-B065-448A-A557-CE7D38301941}.Release|Any CPU.ActiveCfg = Release|Any CPU
		{8A65AC0D-B065-448A-A557-CE7D38301941}.Release|Any CPU.Build.0 = Release|Any CPU
		{8A65AC0D-B065-448A-A557-CE7D38301941}.Release|x64.ActiveCfg = Release|Any CPU
		{8A65AC0D-B065-448A-A557-CE7D38301941}.Release|x64.Build.0 = Release|Any CPU
	EndGlobalSection
	GlobalSection(SolutionProperties) = preSolution
		HideSolutionNode = FALSE
	EndGlobalSection
	GlobalSection(ExtensibilityGlobals) = postSolution
		SolutionGuid = {7F8B68C8-A319-4C04-A11F-C7E24E9B3062}
	EndGlobalSection
EndGlobal
